// !$*UTF8*$!
{
	archiveVersion = 1;
	classes = {
	};
	objectVersion = 55;
	objects = {

/* Begin PBXBuildFile section */
		F810AFBD28E1CF9100DBDDB4 /* AppDelegate.swift in Sources */ = {isa = PBXBuildFile; fileRef = F810AFBC28E1CF9100DBDDB4 /* AppDelegate.swift */; };
		F810AFBF28E1CF9100DBDDB4 /* SceneDelegate.swift in Sources */ = {isa = PBXBuildFile; fileRef = F810AFBE28E1CF9100DBDDB4 /* SceneDelegate.swift */; };
		F810AFC128E1CF9100DBDDB4 /* ViewController.swift in Sources */ = {isa = PBXBuildFile; fileRef = F810AFC028E1CF9100DBDDB4 /* ViewController.swift */; };
		F810AFC428E1CF9100DBDDB4 /* Main.storyboard in Resources */ = {isa = PBXBuildFile; fileRef = F810AFC228E1CF9100DBDDB4 /* Main.storyboard */; };
		F810AFC628E1CF9300DBDDB4 /* Assets.xcassets in Resources */ = {isa = PBXBuildFile; fileRef = F810AFC528E1CF9300DBDDB4 /* Assets.xcassets */; };
		F810AFC928E1CF9300DBDDB4 /* LaunchScreen.storyboard in Resources */ = {isa = PBXBuildFile; fileRef = F810AFC728E1CF9300DBDDB4 /* LaunchScreen.storyboard */; };
		F810AFD428E1CF9400DBDDB4 /* DesignUIKit1Tests.swift in Sources */ = {isa = PBXBuildFile; fileRef = F810AFD328E1CF9400DBDDB4 /* DesignUIKit1Tests.swift */; };
		F810AFDE28E1CF9400DBDDB4 /* DesignUIKit1UITests.swift in Sources */ = {isa = PBXBuildFile; fileRef = F810AFDD28E1CF9400DBDDB4 /* DesignUIKit1UITests.swift */; };
		F810AFE028E1CF9400DBDDB4 /* DesignUIKit1UITestsLaunchTests.swift in Sources */ = {isa = PBXBuildFile; fileRef = F810AFDF28E1CF9400DBDDB4 /* DesignUIKit1UITestsLaunchTests.swift */; };
/* End PBXBuildFile section */

/* Begin PBXContainerItemProxy section */
		F810AFD028E1CF9400DBDDB4 /* PBXContainerItemProxy */ = {
			isa = PBXContainerItemProxy;
			containerPortal = F810AFB128E1CF9100DBDDB4 /* Project object */;
			proxyType = 1;
			remoteGlobalIDString = F810AFB828E1CF9100DBDDB4;
			remoteInfo = DesignUIKit1;
		};
		F810AFDA28E1CF9400DBDDB4 /* PBXContainerItemProxy */ = {
			isa = PBXContainerItemProxy;
			containerPortal = F810AFB128E1CF9100DBDDB4 /* Project object */;
			proxyType = 1;
			remoteGlobalIDString = F810AFB828E1CF9100DBDDB4;
			remoteInfo = DesignUIKit1;
		};
/* End PBXContainerItemProxy section */

/* Begin PBXFileReference section */
		F810AFB928E1CF9100DBDDB4 /* DesignUIKit1.app */ = {isa = PBXFileReference; explicitFileType = wrapper.application; includeInIndex = 0; path = DesignUIKit1.app; sourceTree = BUILT_PRODUCTS_DIR; };
		F810AFBC28E1CF9100DBDDB4 /* AppDelegate.swift */ = {isa = PBXFileReference; lastKnownFileType = sourcecode.swift; path = AppDelegate.swift; sourceTree = "<group>"; };
		F810AFBE28E1CF9100DBDDB4 /* SceneDelegate.swift */ = {isa = PBXFileReference; lastKnownFileType = sourcecode.swift; path = SceneDelegate.swift; sourceTree = "<group>"; };
		F810AFC028E1CF9100DBDDB4 /* ViewController.swift */ = {isa = PBXFileReference; lastKnownFileType = sourcecode.swift; path = ViewController.swift; sourceTree = "<group>"; };
		F810AFC328E1CF9100DBDDB4 /* Base */ = {isa = PBXFileReference; lastKnownFileType = file.storyboard; name = Base; path = Base.lproj/Main.storyboard; sourceTree = "<group>"; };
		F810AFC528E1CF9300DBDDB4 /* Assets.xcassets */ = {isa = PBXFileReference; lastKnownFileType = folder.assetcatalog; path = Assets.xcassets; sourceTree = "<group>"; };
		F810AFC828E1CF9300DBDDB4 /* Base */ = {isa = PBXFileReference; lastKnownFileType = file.storyboard; name = Base; path = Base.lproj/LaunchScreen.storyboard; sourceTree = "<group>"; };
		F810AFCA28E1CF9300DBDDB4 /* Info.plist */ = {isa = PBXFileReference; lastKnownFileType = text.plist.xml; path = Info.plist; sourceTree = "<group>"; };
		F810AFCF28E1CF9400DBDDB4 /* DesignUIKit1Tests.xctest */ = {isa = PBXFileReference; explicitFileType = wrapper.cfbundle; includeInIndex = 0; path = DesignUIKit1Tests.xctest; sourceTree = BUILT_PRODUCTS_DIR; };
		F810AFD328E1CF9400DBDDB4 /* DesignUIKit1Tests.swift */ = {isa = PBXFileReference; lastKnownFileType = sourcecode.swift; path = DesignUIKit1Tests.swift; sourceTree = "<group>"; };
		F810AFD928E1CF9400DBDDB4 /* DesignUIKit1UITests.xctest */ = {isa = PBXFileReference; explicitFileType = wrapper.cfbundle; includeInIndex = 0; path = DesignUIKit1UITests.xctest; sourceTree = BUILT_PRODUCTS_DIR; };
		F810AFDD28E1CF9400DBDDB4 /* DesignUIKit1UITests.swift */ = {isa = PBXFileReference; lastKnownFileType = sourcecode.swift; path = DesignUIKit1UITests.swift; sourceTree = "<group>"; };
		F810AFDF28E1CF9400DBDDB4 /* DesignUIKit1UITestsLaunchTests.swift */ = {isa = PBXFileReference; lastKnownFileType = sourcecode.swift; path = DesignUIKit1UITestsLaunchTests.swift; sourceTree = "<group>"; };
/* End PBXFileReference section */

/* Begin PBXFrameworksBuildPhase section */
		F810AFB628E1CF9100DBDDB4 /* Frameworks */ = {
			isa = PBXFrameworksBuildPhase;
			buildActionMask = 2147483647;
			files = (
			);
			runOnlyForDeploymentPostprocessing = 0;
		};
		F810AFCC28E1CF9400DBDDB4 /* Frameworks */ = {
			isa = PBXFrameworksBuildPhase;
			buildActionMask = 2147483647;
			files = (
			);
			runOnlyForDeploymentPostprocessing = 0;
		};
		F810AFD628E1CF9400DBDDB4 /* Frameworks */ = {
			isa = PBXFrameworksBuildPhase;
			buildActionMask = 2147483647;
			files = (
			);
			runOnlyForDeploymentPostprocessing = 0;
		};
/* End PBXFrameworksBuildPhase section */

/* Begin PBXGroup section */
		F810AFB028E1CF9100DBDDB4 = {
			isa = PBXGroup;
			children = (
				F810AFBB28E1CF9100DBDDB4 /* DesignUIKit1 */,
				F810AFD228E1CF9400DBDDB4 /* DesignUIKit1Tests */,
				F810AFDC28E1CF9400DBDDB4 /* DesignUIKit1UITests */,
				F810AFBA28E1CF9100DBDDB4 /* Products */,
			);
			sourceTree = "<group>";
		};
		F810AFBA28E1CF9100DBDDB4 /* Products */ = {
			isa = PBXGroup;
			children = (
				F810AFB928E1CF9100DBDDB4 /* DesignUIKit1.app */,
				F810AFCF28E1CF9400DBDDB4 /* DesignUIKit1Tests.xctest */,
				F810AFD928E1CF9400DBDDB4 /* DesignUIKit1UITests.xctest */,
			);
			name = Products;
			sourceTree = "<group>";
		};
		F810AFBB28E1CF9100DBDDB4 /* DesignUIKit1 */ = {
			isa = PBXGroup;
			children = (
				F810AFBC28E1CF9100DBDDB4 /* AppDelegate.swift */,
				F810AFBE28E1CF9100DBDDB4 /* SceneDelegate.swift */,
				F810AFC028E1CF9100DBDDB4 /* ViewController.swift */,
				F810AFC228E1CF9100DBDDB4 /* Main.storyboard */,
				F810AFC528E1CF9300DBDDB4 /* Assets.xcassets */,
				F810AFC728E1CF9300DBDDB4 /* LaunchScreen.storyboard */,
				F810AFCA28E1CF9300DBDDB4 /* Info.plist */,
			);
			path = DesignUIKit1;
			sourceTree = "<group>";
		};
		F810AFD228E1CF9400DBDDB4 /* DesignUIKit1Tests */ = {
			isa = PBXGroup;
			children = (
				F810AFD328E1CF9400DBDDB4 /* DesignUIKit1Tests.swift */,
			);
			path = DesignUIKit1Tests;
			sourceTree = "<group>";
		};
		F810AFDC28E1CF9400DBDDB4 /* DesignUIKit1UITests */ = {
			isa = PBXGroup;
			children = (
				F810AFDD28E1CF9400DBDDB4 /* DesignUIKit1UITests.swift */,
				F810AFDF28E1CF9400DBDDB4 /* DesignUIKit1UITestsLaunchTests.swift */,
			);
			path = DesignUIKit1UITests;
			sourceTree = "<group>";
		};
/* End PBXGroup section */

/* Begin PBXNativeTarget section */
		F810AFB828E1CF9100DBDDB4 /* DesignUIKit1 */ = {
			isa = PBXNativeTarget;
			buildConfigurationList = F810AFE328E1CF9400DBDDB4 /* Build configuration list for PBXNativeTarget "DesignUIKit1" */;
			buildPhases = (
				F810AFB528E1CF9100DBDDB4 /* Sources */,
				F810AFB628E1CF9100DBDDB4 /* Frameworks */,
				F810AFB728E1CF9100DBDDB4 /* Resources */,
			);
			buildRules = (
			);
			dependencies = (
			);
			name = DesignUIKit1;
			productName = DesignUIKit1;
			productReference = F810AFB928E1CF9100DBDDB4 /* DesignUIKit1.app */;
			productType = "com.apple.product-type.application";
		};
		F810AFCE28E1CF9400DBDDB4 /* DesignUIKit1Tests */ = {
			isa = PBXNativeTarget;
			buildConfigurationList = F810AFE628E1CF9400DBDDB4 /* Build configuration list for PBXNativeTarget "DesignUIKit1Tests" */;
			buildPhases = (
				F810AFCB28E1CF9400DBDDB4 /* Sources */,
				F810AFCC28E1CF9400DBDDB4 /* Frameworks */,
				F810AFCD28E1CF9400DBDDB4 /* Resources */,
			);
			buildRules = (
			);
			dependencies = (
				F810AFD128E1CF9400DBDDB4 /* PBXTargetDependency */,
			);
			name = DesignUIKit1Tests;
			productName = DesignUIKit1Tests;
			productReference = F810AFCF28E1CF9400DBDDB4 /* DesignUIKit1Tests.xctest */;
			productType = "com.apple.product-type.bundle.unit-test";
		};
		F810AFD828E1CF9400DBDDB4 /* DesignUIKit1UITests */ = {
			isa = PBXNativeTarget;
			buildConfigurationList = F810AFE928E1CF9400DBDDB4 /* Build configuration list for PBXNativeTarget "DesignUIKit1UITests" */;
			buildPhases = (
				F810AFD528E1CF9400DBDDB4 /* Sources */,
				F810AFD628E1CF9400DBDDB4 /* Frameworks */,
				F810AFD728E1CF9400DBDDB4 /* Resources */,
			);
			buildRules = (
			);
			dependencies = (
				F810AFDB28E1CF9400DBDDB4 /* PBXTargetDependency */,
			);
			name = DesignUIKit1UITests;
			productName = DesignUIKit1UITests;
			productReference = F810AFD928E1CF9400DBDDB4 /* DesignUIKit1UITests.xctest */;
			productType = "com.apple.product-type.bundle.ui-testing";
		};
/* End PBXNativeTarget section */

/* Begin PBXProject section */
		F810AFB128E1CF9100DBDDB4 /* Project object */ = {
			isa = PBXProject;
			attributes = {
				BuildIndependentTargetsInParallel = 1;
				LastSwiftUpdateCheck = 1300;
				LastUpgradeCheck = 1300;
				TargetAttributes = {
					F810AFB828E1CF9100DBDDB4 = {
						CreatedOnToolsVersion = 13.0;
					};
					F810AFCE28E1CF9400DBDDB4 = {
						CreatedOnToolsVersion = 13.0;
						TestTargetID = F810AFB828E1CF9100DBDDB4;
					};
					F810AFD828E1CF9400DBDDB4 = {
						CreatedOnToolsVersion = 13.0;
						TestTargetID = F810AFB828E1CF9100DBDDB4;
					};
				};
			};
			buildConfigurationList = F810AFB428E1CF9100DBDDB4 /* Build configuration list for PBXProject "DesignUIKit1" */;
			compatibilityVersion = "Xcode 13.0";
			developmentRegion = en;
			hasScannedForEncodings = 0;
			knownRegions = (
				en,
				Base,
			);
			mainGroup = F810AFB028E1CF9100DBDDB4;
			productRefGroup = F810AFBA28E1CF9100DBDDB4 /* Products */;
			projectDirPath = "";
			projectRoot = "";
			targets = (
				F810AFB828E1CF9100DBDDB4 /* DesignUIKit1 */,
				F810AFCE28E1CF9400DBDDB4 /* DesignUIKit1Tests */,
				F810AFD828E1CF9400DBDDB4 /* DesignUIKit1UITests */,
			);
		};
/* End PBXProject section */

/* Begin PBXResourcesBuildPhase section */
		F810AFB728E1CF9100DBDDB4 /* Resources */ = {
			isa = PBXResourcesBuildPhase;
			buildActionMask = 2147483647;
			files = (
				F810AFC928E1CF9300DBDDB4 /* LaunchScreen.storyboard in Resources */,
				F810AFC628E1CF9300DBDDB4 /* Assets.xcassets in Resources */,
				F810AFC428E1CF9100DBDDB4 /* Main.storyboard in Resources */,
			);
			runOnlyForDeploymentPostprocessing = 0;
		};
		F810AFCD28E1CF9400DBDDB4 /* Resources */ = {
			isa = PBXResourcesBuildPhase;
			buildActionMask = 2147483647;
			files = (
			);
			runOnlyForDeploymentPostprocessing = 0;
		};
		F810AFD728E1CF9400DBDDB4 /* Resources */ = {
			isa = PBXResourcesBuildPhase;
			buildActionMask = 2147483647;
			files = (
			);
			runOnlyForDeploymentPostprocessing = 0;
		};
/* End PBXResourcesBuildPhase section */

/* Begin PBXSourcesBuildPhase section */
		F810AFB528E1CF9100DBDDB4 /* Sources */ = {
			isa = PBXSourcesBuildPhase;
			buildActionMask = 2147483647;
			files = (
				F810AFC128E1CF9100DBDDB4 /* ViewController.swift in Sources */,
				F810AFBD28E1CF9100DBDDB4 /* AppDelegate.swift in Sources */,
				F810AFBF28E1CF9100DBDDB4 /* SceneDelegate.swift in Sources */,
			);
			runOnlyForDeploymentPostprocessing = 0;
		};
		F810AFCB28E1CF9400DBDDB4 /* Sources */ = {
			isa = PBXSourcesBuildPhase;
			buildActionMask = 2147483647;
			files = (
				F810AFD428E1CF9400DBDDB4 /* DesignUIKit1Tests.swift in Sources */,
			);
			runOnlyForDeploymentPostprocessing = 0;
		};
		F810AFD528E1CF9400DBDDB4 /* Sources */ = {
			isa = PBXSourcesBuildPhase;
			buildActionMask = 2147483647;
			files = (
				F810AFDE28E1CF9400DBDDB4 /* DesignUIKit1UITests.swift in Sources */,
				F810AFE028E1CF9400DBDDB4 /* DesignUIKit1UITestsLaunchTests.swift in Sources */,
			);
			runOnlyForDeploymentPostprocessing = 0;
		};
/* End PBXSourcesBuildPhase section */

/* Begin PBXTargetDependency section */
		F810AFD128E1CF9400DBDDB4 /* PBXTargetDependency */ = {
			isa = PBXTargetDependency;
			target = F810AFB828E1CF9100DBDDB4 /* DesignUIKit1 */;
			targetProxy = F810AFD028E1CF9400DBDDB4 /* PBXContainerItemProxy */;
		};
		F810AFDB28E1CF9400DBDDB4 /* PBXTargetDependency */ = {
			isa = PBXTargetDependency;
			target = F810AFB828E1CF9100DBDDB4 /* DesignUIKit1 */;
			targetProxy = F810AFDA28E1CF9400DBDDB4 /* PBXContainerItemProxy */;
		};
/* End PBXTargetDependency section */

/* Begin PBXVariantGroup section */
		F810AFC228E1CF9100DBDDB4 /* Main.storyboard */ = {
			isa = PBXVariantGroup;
			children = (
				F810AFC328E1CF9100DBDDB4 /* Base */,
			);
			name = Main.storyboard;
			sourceTree = "<group>";
		};
		F810AFC728E1CF9300DBDDB4 /* LaunchScreen.storyboard */ = {
			isa = PBXVariantGroup;
			children = (
				F810AFC828E1CF9300DBDDB4 /* Base */,
			);
			name = LaunchScreen.storyboard;
			sourceTree = "<group>";
		};
/* End PBXVariantGroup section */

/* Begin XCBuildConfiguration section */
		F810AFE128E1CF9400DBDDB4 /* Debug */ = {
			isa = XCBuildConfiguration;
			buildSettings = {
				ALWAYS_SEARCH_USER_PATHS = NO;
				CLANG_ANALYZER_NONNULL = YES;
				CLANG_ANALYZER_NUMBER_OBJECT_CONVERSION = YES_AGGRESSIVE;
				CLANG_CXX_LANGUAGE_STANDARD = "gnu++17";
				CLANG_CXX_LIBRARY = "libc++";
				CLANG_ENABLE_MODULES = YES;
				CLANG_ENABLE_OBJC_ARC = YES;
				CLANG_ENABLE_OBJC_WEAK = YES;
				CLANG_WARN_BLOCK_CAPTURE_AUTORELEASING = YES;
				CLANG_WARN_BOOL_CONVERSION = YES;
				CLANG_WARN_COMMA = YES;
				CLANG_WARN_CONSTANT_CONVERSION = YES;
				CLANG_WARN_DEPRECATED_OBJC_IMPLEMENTATIONS = YES;
				CLANG_WARN_DIRECT_OBJC_ISA_USAGE = YES_ERROR;
				CLANG_WARN_DOCUMENTATION_COMMENTS = YES;
				CLANG_WARN_EMPTY_BODY = YES;
				CLANG_WARN_ENUM_CONVERSION = YES;
				CLANG_WARN_INFINITE_RECURSION = YES;
				CLANG_WARN_INT_CONVERSION = YES;
				CLANG_WARN_NON_LITERAL_NULL_CONVERSION = YES;
				CLANG_WARN_OBJC_IMPLICIT_RETAIN_SELF = YES;
				CLANG_WARN_OBJC_LITERAL_CONVERSION = YES;
				CLANG_WARN_OBJC_ROOT_CLASS = YES_ERROR;
				CLANG_WARN_QUOTED_INCLUDE_IN_FRAMEWORK_HEADER = YES;
				CLANG_WARN_RANGE_LOOP_ANALYSIS = YES;
				CLANG_WARN_STRICT_PROTOTYPES = YES;
				CLANG_WARN_SUSPICIOUS_MOVE = YES;
				CLANG_WARN_UNGUARDED_AVAILABILITY = YES_AGGRESSIVE;
				CLANG_WARN_UNREACHABLE_CODE = YES;
				CLANG_WARN__DUPLICATE_METHOD_MATCH = YES;
				COPY_PHASE_STRIP = NO;
				DEBUG_INFORMATION_FORMAT = dwarf;
				ENABLE_STRICT_OBJC_MSGSEND = YES;
				ENABLE_TESTABILITY = YES;
				GCC_C_LANGUAGE_STANDARD = gnu11;
				GCC_DYNAMIC_NO_PIC = NO;
				GCC_NO_COMMON_BLOCKS = YES;
				GCC_OPTIMIZATION_LEVEL = 0;
				GCC_PREPROCESSOR_DEFINITIONS = (
					"DEBUG=1",
					"$(inherited)",
				);
				GCC_WARN_64_TO_32_BIT_CONVERSION = YES;
				GCC_WARN_ABOUT_RETURN_TYPE = YES_ERROR;
				GCC_WARN_UNDECLARED_SELECTOR = YES;
				GCC_WARN_UNINITIALIZED_AUTOS = YES_AGGRESSIVE;
				GCC_WARN_UNUSED_FUNCTION = YES;
				GCC_WARN_UNUSED_VARIABLE = YES;
				IPHONEOS_DEPLOYMENT_TARGET = 15.0;
				MTL_ENABLE_DEBUG_INFO = INCLUDE_SOURCE;
				MTL_FAST_MATH = YES;
				ONLY_ACTIVE_ARCH = YES;
				SDKROOT = iphoneos;
				SWIFT_ACTIVE_COMPILATION_CONDITIONS = DEBUG;
				SWIFT_OPTIMIZATION_LEVEL = "-Onone";
			};
			name = Debug;
		};
		F810AFE228E1CF9400DBDDB4 /* Release */ = {
			isa = XCBuildConfiguration;
			buildSettings = {
				ALWAYS_SEARCH_USER_PATHS = NO;
				CLANG_ANALYZER_NONNULL = YES;
				CLANG_ANALYZER_NUMBER_OBJECT_CONVERSION = YES_AGGRESSIVE;
				CLANG_CXX_LANGUAGE_STANDARD = "gnu++17";
				CLANG_CXX_LIBRARY = "libc++";
				CLANG_ENABLE_MODULES = YES;
				CLANG_ENABLE_OBJC_ARC = YES;
				CLANG_ENABLE_OBJC_WEAK = YES;
				CLANG_WARN_BLOCK_CAPTURE_AUTORELEASING = YES;
				CLANG_WARN_BOOL_CONVERSION = YES;
				CLANG_WARN_COMMA = YES;
				CLANG_WARN_CONSTANT_CONVERSION = YES;
				CLANG_WARN_DEPRECATED_OBJC_IMPLEMENTATIONS = YES;
				CLANG_WARN_DIRECT_OBJC_ISA_USAGE = YES_ERROR;
				CLANG_WARN_DOCUMENTATION_COMMENTS = YES;
				CLANG_WARN_EMPTY_BODY = YES;
				CLANG_WARN_ENUM_CONVERSION = YES;
				CLANG_WARN_INFINITE_RECURSION = YES;
				CLANG_WARN_INT_CONVERSION = YES;
				CLANG_WARN_NON_LITERAL_NULL_CONVERSION = YES;
				CLANG_WARN_OBJC_IMPLICIT_RETAIN_SELF = YES;
				CLANG_WARN_OBJC_LITERAL_CONVERSION = YES;
				CLANG_WARN_OBJC_ROOT_CLASS = YES_ERROR;
				CLANG_WARN_QUOTED_INCLUDE_IN_FRAMEWORK_HEADER = YES;
				CLANG_WARN_RANGE_LOOP_ANALYSIS = YES;
				CLANG_WARN_STRICT_PROTOTYPES = YES;
				CLANG_WARN_SUSPICIOUS_MOVE = YES;
				CLANG_WARN_UNGUARDED_AVAILABILITY = YES_AGGRESSIVE;
				CLANG_WARN_UNREACHABLE_CODE = YES;
				CLANG_WARN__DUPLICATE_METHOD_MATCH = YES;
				COPY_PHASE_STRIP = NO;
				DEBUG_INFORMATION_FORMAT = "dwarf-with-dsym";
				ENABLE_NS_ASSERTIONS = NO;
				ENABLE_STRICT_OBJC_MSGSEND = YES;
				GCC_C_LANGUAGE_STANDARD = gnu11;
				GCC_NO_COMMON_BLOCKS = YES;
				GCC_WARN_64_TO_32_BIT_CONVERSION = YES;
				GCC_WARN_ABOUT_RETURN_TYPE = YES_ERROR;
				GCC_WARN_UNDECLARED_SELECTOR = YES;
				GCC_WARN_UNINITIALIZED_AUTOS = YES_AGGRESSIVE;
				GCC_WARN_UNUSED_FUNCTION = YES;
				GCC_WARN_UNUSED_VARIABLE = YES;
				IPHONEOS_DEPLOYMENT_TARGET = 15.0;
				MTL_ENABLE_DEBUG_INFO = NO;
				MTL_FAST_MATH = YES;
				SDKROOT = iphoneos;
				SWIFT_COMPILATION_MODE = wholemodule;
				SWIFT_OPTIMIZATION_LEVEL = "-O";
				VALIDATE_PRODUCT = YES;
			};
			name = Release;
		};
		F810AFE428E1CF9400DBDDB4 /* Debug */ = {
			isa = XCBuildConfiguration;
			buildSettings = {
				ASSETCATALOG_COMPILER_APPICON_NAME = AppIcon;
				ASSETCATALOG_COMPILER_GLOBAL_ACCENT_COLOR_NAME = AccentColor;
				CODE_SIGN_STYLE = Automatic;
				CURRENT_PROJECT_VERSION = 1;
				GENERATE_INFOPLIST_FILE = YES;
				INFOPLIST_FILE = DesignUIKit1/Info.plist;
				INFOPLIST_KEY_UIApplicationSupportsIndirectInputEvents = YES;
				INFOPLIST_KEY_UILaunchStoryboardName = LaunchScreen;
				INFOPLIST_KEY_UIMainStoryboardFile = Main;
				INFOPLIST_KEY_UISupportedInterfaceOrientations_iPad = "UIInterfaceOrientationPortrait UIInterfaceOrientationPortraitUpsideDown UIInterfaceOrientationLandscapeLeft UIInterfaceOrientationLandscapeRight";
				INFOPLIST_KEY_UISupportedInterfaceOrientations_iPhone = "UIInterfaceOrientationPortrait UIInterfaceOrientationLandscapeLeft UIInterfaceOrientationLandscapeRight";
				LD_RUNPATH_SEARCH_PATHS = (
					"$(inherited)",
					"@executable_path/Frameworks",
				);
				MARKETING_VERSION = 1.0;
				PRODUCT_BUNDLE_IDENTIFIER = mx.itesm.DesignUIKit1;
				PRODUCT_NAME = "$(TARGET_NAME)";
				SWIFT_EMIT_LOC_STRINGS = YES;
				SWIFT_VERSION = 5.0;
				TARGETED_DEVICE_FAMILY = "1,2";
			};
			name = Debug;
		};
		F810AFE528E1CF9400DBDDB4 /* Release */ = {
			isa = XCBuildConfiguration;
			buildSettings = {
				ASSETCATALOG_COMPILER_APPICON_NAME = AppIcon;
				ASSETCATALOG_COMPILER_GLOBAL_ACCENT_COLOR_NAME = AccentColor;
				CODE_SIGN_STYLE = Automatic;
				CURRENT_PROJECT_VERSION = 1;
				GENERATE_INFOPLIST_FILE = YES;
				INFOPLIST_FILE = DesignUIKit1/Info.plist;
				INFOPLIST_KEY_UIApplicationSupportsIndirectInputEvents = YES;
				INFOPLIST_KEY_UILaunchStoryboardName = LaunchScreen;
				INFOPLIST_KEY_UIMainStoryboardFile = Main;
				INFOPLIST_KEY_UISupportedInterfaceOrientations_iPad = "UIInterfaceOrientationPortrait UIInterfaceOrientationPortraitUpsideDown UIInterfaceOrientationLandscapeLeft UIInterfaceOrientationLandscapeRight";
				INFOPLIST_KEY_UISupportedInterfaceOrientations_iPhone = "UIInterfaceOrientationPortrait UIInterfaceOrientationLandscapeLeft UIInterfaceOrientationLandscapeRight";
				LD_RUNPATH_SEARCH_PATHS = (
					"$(inherited)",
					"@executable_path/Frameworks",
				);
				MARKETING_VERSION = 1.0;
				PRODUCT_BUNDLE_IDENTIFIER = mx.itesm.DesignUIKit1;
				PRODUCT_NAME = "$(TARGET_NAME)";
				SWIFT_EMIT_LOC_STRINGS = YES;
				SWIFT_VERSION = 5.0;
				TARGETED_DEVICE_FAMILY = "1,2";
			};
			name = Release;
		};
		F810AFE728E1CF9400DBDDB4 /* Debug */ = {
			isa = XCBuildConfiguration;
			buildSettings = {
				ALWAYS_EMBED_SWIFT_STANDARD_LIBRARIES = YES;
				BUNDLE_LOADER = "$(TEST_HOST)";
				CODE_SIGN_STYLE = Automatic;
				CURRENT_PROJECT_VERSION = 1;
				GENERATE_INFOPLIST_FILE = YES;
				IPHONEOS_DEPLOYMENT_TARGET = 15.0;
				LD_RUNPATH_SEARCH_PATHS = (
					"$(inherited)",
					"@executable_path/Frameworks",
					"@loader_path/Frameworks",
				);
				MARKETING_VERSION = 1.0;
				PRODUCT_BUNDLE_IDENTIFIER = mx.itesm.DesignUIKit1Tests;
				PRODUCT_NAME = "$(TARGET_NAME)";
				SWIFT_EMIT_LOC_STRINGS = NO;
				SWIFT_VERSION = 5.0;
				TARGETED_DEVICE_FAMILY = "1,2";
				TEST_HOST = "$(BUILT_PRODUCTS_DIR)/DesignUIKit1.app/DesignUIKit1";
			};
			name = Debug;
		};
		F810AFE828E1CF9400DBDDB4 /* Release */ = {
			isa = XCBuildConfiguration;
			buildSettings = {
				ALWAYS_EMBED_SWIFT_STANDARD_LIBRARIES = YES;
				BUNDLE_LOADER = "$(TEST_HOST)";
				CODE_SIGN_STYLE = Automatic;
				CURRENT_PROJECT_VERSION = 1;
				GENERATE_INFOPLIST_FILE = YES;
				IPHONEOS_DEPLOYMENT_TARGET = 15.0;
				LD_RUNPATH_SEARCH_PATHS = (
					"$(inherited)",
					"@executable_path/Frameworks",
					"@loader_path/Frameworks",
				);
				MARKETING_VERSION = 1.0;
				PRODUCT_BUNDLE_IDENTIFIER = mx.itesm.DesignUIKit1Tests;
				PRODUCT_NAME = "$(TARGET_NAME)";
				SWIFT_EMIT_LOC_STRINGS = NO;
				SWIFT_VERSION = 5.0;
				TARGETED_DEVICE_FAMILY = "1,2";
				TEST_HOST = "$(BUILT_PRODUCTS_DIR)/DesignUIKit1.app/DesignUIKit1";
			};
			name = Release;
		};
		F810AFEA28E1CF9400DBDDB4 /* Debug */ = {
			isa = XCBuildConfiguration;
			buildSettings = {
				ALWAYS_EMBED_SWIFT_STANDARD_LIBRARIES = YES;
				CODE_SIGN_STYLE = Automatic;
				CURRENT_PROJECT_VERSION = 1;
				GENERATE_INFOPLIST_FILE = YES;
				LD_RUNPATH_SEARCH_PATHS = (
					"$(inherited)",
					"@executable_path/Frameworks",
					"@loader_path/Frameworks",
				);
				MARKETING_VERSION = 1.0;
				PRODUCT_BUNDLE_IDENTIFIER = mx.itesm.DesignUIKit1UITests;
				PRODUCT_NAME = "$(TARGET_NAME)";
				SWIFT_EMIT_LOC_STRINGS = NO;
				SWIFT_VERSION = 5.0;
				TARGETED_DEVICE_FAMILY = "1,2";
				TEST_TARGET_NAME = DesignUIKit1;
			};
			name = Debug;
		};
		F810AFEB28E1CF9400DBDDB4 /* Release */ = {
			isa = XCBuildConfiguration;
			buildSettings = {
				ALWAYS_EMBED_SWIFT_STANDARD_LIBRARIES = YES;
				CODE_SIGN_STYLE = Automatic;
				CURRENT_PROJECT_VERSION = 1;
				GENERATE_INFOPLIST_FILE = YES;
				LD_RUNPATH_SEARCH_PATHS = (
					"$(inherited)",
					"@executable_path/Frameworks",
					"@loader_path/Frameworks",
				);
				MARKETING_VERSION = 1.0;
				PRODUCT_BUNDLE_IDENTIFIER = mx.itesm.DesignUIKit1UITests;
				PRODUCT_NAME = "$(TARGET_NAME)";
				SWIFT_EMIT_LOC_STRINGS = NO;
				SWIFT_VERSION = 5.0;
				TARGETED_DEVICE_FAMILY = "1,2";
				TEST_TARGET_NAME = DesignUIKit1;
			};
			name = Release;
		};
/* End XCBuildConfiguration section */

/* Begin XCConfigurationList section */
		F810AFB428E1CF9100DBDDB4 /* Build configuration list for PBXProject "DesignUIKit1" */ = {
			isa = XCConfigurationList;
			buildConfigurations = (
				F810AFE128E1CF9400DBDDB4 /* Debug */,
				F810AFE228E1CF9400DBDDB4 /* Release */,
			);
			defaultConfigurationIsVisible = 0;
			defaultConfigurationName = Release;
		};
		F810AFE328E1CF9400DBDDB4 /* Build configuration list for PBXNativeTarget "DesignUIKit1" */ = {
			isa = XCConfigurationList;
			buildConfigurations = (
				F810AFE428E1CF9400DBDDB4 /* Debug */,
				F810AFE528E1CF9400DBDDB4 /* Release */,
			);
			defaultConfigurationIsVisible = 0;
			defaultConfigurationName = Release;
		};
		F810AFE628E1CF9400DBDDB4 /* Build configuration list for PBXNativeTarget "DesignUIKit1Tests" */ = {
			isa = XCConfigurationList;
			buildConfigurations = (
				F810AFE728E1CF9400DBDDB4 /* Debug */,
				F810AFE828E1CF9400DBDDB4 /* Release */,
			);
			defaultConfigurationIsVisible = 0;
			defaultConfigurationName = Release;
		};
		F810AFE928E1CF9400DBDDB4 /* Build configuration list for PBXNativeTarget "DesignUIKit1UITests" */ = {
			isa = XCConfigurationList;
			buildConfigurations = (
				F810AFEA28E1CF9400DBDDB4 /* Debug */,
				F810AFEB28E1CF9400DBDDB4 /* Release */,
			);
			defaultConfigurationIsVisible = 0;
			defaultConfigurationName = Release;
		};
/* End XCConfigurationList section */
	};
	rootObject = F810AFB128E1CF9100DBDDB4 /* Project object */;
}
